{
  "name": "github_user_activity_cli",
  "version": "1.0.0",
  "lockfileVersion": 3,
  "requires": true,
  "packages": {
    "": {
      "name": "github_user_activity_cli",
      "version": "1.0.0",
      "license": "ISC"
    },
    "C:/Users/User/AppData/Roaming/npm/node_modules/link": {
      "version": "2.1.1",
      "extraneous": true,
      "license": "MIT",
      "bin": {
        "link": "dist/cli.js"
      },
      "funding": {
        "url": "https://github.com/privatenumber/link?sponsor=1"
      }
    }
  }
}
